<?xml version="1.0" encoding="utf-8"?>
<Project ToolsVersion="4.0" xmlns="http://schemas.microsoft.com/developer/msbuild/2003">
  <ItemGroup>
    <Filter Include="Header Files">
      <UniqueIdentifier>{ae4980a1-5e9e-4229-8fbe-199e432eda0d}</UniqueIdentifier>
    </Filter>
    <Filter Include="Header Files\Ogre">
      <UniqueIdentifier>{ef11c61d-aac9-4364-8d04-ec198f5b23d8}</UniqueIdentifier>
    </Filter>
    <Filter Include="Source Files">
      <UniqueIdentifier>{4FC737F1-C7A5-4376-A066-2A32D752A2FF}</UniqueIdentifier>
      <Extensions>cpp;c;cc;cxx;def;odl;idl;hpj;bat;asm;asmx</Extensions>
    </Filter>
  </ItemGroup>
  <ItemGroup>
    <ClInclude Include="..\include\DAE2OgreBaseWriter.h">
      <Filter>Header Files</Filter>
    </ClInclude>
    <ClInclude Include="..\include\DAE2OgreMeshWriter.h">
      <Filter>Header Files</Filter>
    </ClInclude>
    <ClInclude Include="..\include\DAE2OgreOgreWriter.h">
      <Filter>Header Files</Filter>
    </ClInclude>
    <ClInclude Include="..\include\DAE2OgrePrerequisites.h">
      <Filter>Header Files</Filter>
    </ClInclude>
    <ClInclude Include="..\include\DAE2OgreSceneGraphWriter.h">
      <Filter>Header Files</Filter>
    </ClInclude>
    <ClInclude Include="..\include\DAE2OgreSerializer.h">
      <Filter>Header Files</Filter>
    </ClInclude>
    <ClInclude Include="..\include\DAE2OgreStableHeaders.h">
      <Filter>Header Files</Filter>
    </ClInclude>
    <ClInclude Include="..\include\OgreMeshFileFormat.h">
      <Filter>Header Files\Ogre</Filter>
    </ClInclude>
    <ClInclude Include="..\include\OgreVertexElement.h">
      <Filter>Header Files\Ogre</Filter>
    </ClInclude>
  </ItemGroup>
  <ItemGroup>
    <ClCompile Include="..\src\DAE2OgreBaseWriter.cpp">
      <Filter>Source Files</Filter>
    </ClCompile>
    <ClCompile Include="..\src\DAE2OgreMeshWriter.cpp">
      <Filter>Source Files</Filter>
    </ClCompile>
    <ClCompile Include="..\src\DAE2OgreOgreWriter.cpp">
      <Filter>Source Files</Filter>
    </ClCompile>
    <ClCompile Include="..\src\DAE2OgreSceneGraphWriter.cpp">
      <Filter>Source Files</Filter>
    </ClCompile>
    <ClCompile Include="..\src\DAE2OgreSerializer.cpp">
      <Filter>Source Files</Filter>
    </ClCompile>
    <ClCompile Include="..\src\main.cpp">
      <Filter>Source Files</Filter>
    </ClCompile>
    <ClCompile Include="..\src\OgreVertexElement.cpp">
      <Filter>Source Files</Filter>
    </ClCompile>
  </ItemGroup>
</Project>